
Microsoft Visual Studio Solution File, Format Version 12.00
# Visual Studio Version 16
VisualStudioVersion = 16.0.31410.357
MinimumVisualStudioVersion = 10.0.40219.1
Project("{FAE04EC0-301F-11D3-BF4B-00C04F79EFBC}") = "01_ByteBank", "01_ByteBank\01_ByteBank.csproj", "{DCB6CC57-CCFF-4C6E-8357-433C78785FF4}"
EndProject
Project("{FAE04EC0-301F-11D3-BF4B-00C04F79EFBC}") = "02_ByteBank", "02_ByteBank\02_ByteBank.csproj", "{97F20596-581C-41F8-BA05-B307FAB97E84}"
EndProject
Project("{FAE04EC0-301F-11D3-BF4B-00C04F79EFBC}") = "Teste", "Teste\Teste.csproj", "{7F8998BB-3E9F-4E41-8FC0-CB8A647EA00D}"
EndProject
Project("{FAE04EC0-301F-11D3-BF4B-00C04F79EFBC}") = "03_ByteBank", "03_ByteBank\03_ByteBank.csproj", "{A7749F3B-8BF2-4BE3-99EC-09A2265A050C}"
EndProject
Project("{FAE04EC0-301F-11D3-BF4B-00C04F79EFBC}") = "04_ByteBank", "04_ByteBank\04_ByteBank.csproj", "{7E8FF560-3FB4-489A-9BEC-B3AF33819A9B}"
EndProject
Project("{FAE04EC0-301F-11D3-BF4B-00C04F79EFBC}") = "05_ByteBank", "05_ByteBank\05_ByteBank.csproj", "{9956C0A6-3CE0-4942-B3C5-F710A1153D1C}"
EndProject
Project("{FAE04EC0-301F-11D3-BF4B-00C04F79EFBC}") = "06_ByteBank", "06_ByteBank\06_ByteBank.csproj", "{3229A9AC-85E4-4887-A832-1CBBE3023AB5}"
EndProject
Project("{FAE04EC0-301F-11D3-BF4B-00C04F79EFBC}") = "07_ByteBank", "07_ByteBank\07_ByteBank.csproj", "{A7D85683-B79F-46F0-9095-8B9328D935DD}"
EndProject
Project("{FAE04EC0-301F-11D3-BF4B-00C04F79EFBC}") = "08_ByteBank", "08_ByteBank\08_ByteBank.csproj", "{8311684F-3D16-4C4E-AD8A-6C2F2E3B78DB}"
EndProject
Global
	GlobalSection(SolutionConfigurationPlatforms) = preSolution
		Debug|Any CPU = Debug|Any CPU
		Release|Any CPU = Release|Any CPU
	EndGlobalSection
	GlobalSection(ProjectConfigurationPlatforms) = postSolution
		{DCB6CC57-CCFF-4C6E-8357-433C78785FF4}.Debug|Any CPU.ActiveCfg = Debug|Any CPU
		{DCB6CC57-CCFF-4C6E-8357-433C78785FF4}.Debug|Any CPU.Build.0 = Debug|Any CPU
		{DCB6CC57-CCFF-4C6E-8357-433C78785FF4}.Release|Any CPU.ActiveCfg = Release|Any CPU
		{DCB6CC57-CCFF-4C6E-8357-433C78785FF4}.Release|Any CPU.Build.0 = Release|Any CPU
		{97F20596-581C-41F8-BA05-B307FAB97E84}.Debug|Any CPU.ActiveCfg = Debug|Any CPU
		{97F20596-581C-41F8-BA05-B307FAB97E84}.Debug|Any CPU.Build.0 = Debug|Any CPU
		{97F20596-581C-41F8-BA05-B307FAB97E84}.Release|Any CPU.ActiveCfg = Release|Any CPU
		{97F20596-581C-41F8-BA05-B307FAB97E84}.Release|Any CPU.Build.0 = Release|Any CPU
		{7F8998BB-3E9F-4E41-8FC0-CB8A647EA00D}.Debug|Any CPU.ActiveCfg = Debug|Any CPU
		{7F8998BB-3E9F-4E41-8FC0-CB8A647EA00D}.Debug|Any CPU.Build.0 = Debug|Any CPU
		{7F8998BB-3E9F-4E41-8FC0-CB8A647EA00D}.Release|Any CPU.ActiveCfg = Release|Any CPU
		{7F8998BB-3E9F-4E41-8FC0-CB8A647EA00D}.Release|Any CPU.Build.0 = Release|Any CPU
		{A7749F3B-8BF2-4BE3-99EC-09A2265A050C}.Debug|Any CPU.ActiveCfg = Debug|Any CPU
		{A7749F3B-8BF2-4BE3-99EC-09A2265A050C}.Debug|Any CPU.Build.0 = Debug|Any CPU
		{A7749F3B-8BF2-4BE3-99EC-09A2265A050C}.Release|Any CPU.ActiveCfg = Release|Any CPU
		{A7749F3B-8BF2-4BE3-99EC-09A2265A050C}.Release|Any CPU.Build.0 = Release|Any CPU
		{7E8FF560-3FB4-489A-9BEC-B3AF33819A9B}.Debug|Any CPU.ActiveCfg = Debug|Any CPU
		{7E8FF560-3FB4-489A-9BEC-B3AF33819A9B}.Debug|Any CPU.Build.0 = Debug|Any CPU
		{7E8FF560-3FB4-489A-9BEC-B3AF33819A9B}.Release|Any CPU.ActiveCfg = Release|Any CPU
		{7E8FF560-3FB4-489A-9BEC-B3AF33819A9B}.Release|Any CPU.Build.0 = Release|Any CPU
		{9956C0A6-3CE0-4942-B3C5-F710A1153D1C}.Debug|Any CPU.ActiveCfg = Debug|Any CPU
		{9956C0A6-3CE0-4942-B3C5-F710A1153D1C}.Debug|Any CPU.Build.0 = Debug|Any CPU
		{9956C0A6-3CE0-4942-B3C5-F710A1153D1C}.Release|Any CPU.ActiveCfg = Release|Any CPU
		{9956C0A6-3CE0-4942-B3C5-F710A1153D1C}.Release|Any CPU.Build.0 = Release|Any CPU
		{3229A9AC-85E4-4887-A832-1CBBE3023AB5}.Debug|Any CPU.ActiveCfg = Debug|Any CPU
		{3229A9AC-85E4-4887-A832-1CBBE3023AB5}.Debug|Any CPU.Build.0 = Debug|Any CPU
		{3229A9AC-85E4-4887-A832-1CBBE3023AB5}.Release|Any CPU.ActiveCfg = Release|Any CPU
		{3229A9AC-85E4-4887-A832-1CBBE3023AB5}.Release|Any CPU.Build.0 = Release|Any CPU
		{A7D85683-B79F-46F0-9095-8B9328D935DD}.Debug|Any CPU.ActiveCfg = Debug|Any CPU
		{A7D85683-B79F-46F0-9095-8B9328D935DD}.Debug|Any CPU.Build.0 = Debug|Any CPU
		{A7D85683-B79F-46F0-9095-8B9328D935DD}.Release|Any CPU.ActiveCfg = Release|Any CPU
		{A7D85683-B79F-46F0-9095-8B9328D935DD}.Release|Any CPU.Build.0 = Release|Any CPU
		{8311684F-3D16-4C4E-AD8A-6C2F2E3B78DB}.Debug|Any CPU.ActiveCfg = Debug|Any CPU
		{8311684F-3D16-4C4E-AD8A-6C2F2E3B78DB}.Debug|Any CPU.Build.0 = Debug|Any CPU
		{8311684F-3D16-4C4E-AD8A-6C2F2E3B78DB}.Release|Any CPU.ActiveCfg = Release|Any CPU
		{8311684F-3D16-4C4E-AD8A-6C2F2E3B78DB}.Release|Any CPU.Build.0 = Release|Any CPU
	EndGlobalSection
	GlobalSection(SolutionProperties) = preSolution
		HideSolutionNode = FALSE
	EndGlobalSection
	GlobalSection(ExtensibilityGlobals) = postSolution
		SolutionGuid = {B0C2E288-8140-4EEB-B27D-360FE63EC66D}
	EndGlobalSection
EndGlobal
